<?xml version="1.0" encoding="utf-8"?>
<Project ToolsVersion="4.0" xmlns="http://schemas.microsoft.com/developer/msbuild/2003">
  <ItemGroup>
    <Filter Include="win">
      <UniqueIdentifier>{3aea02d0-3fe5-4fdd-a597-d53b9c76df9c}</UniqueIdentifier>
    </Filter>
    <Filter Include="Diagnostic Tools">
      <UniqueIdentifier>{caee688f-ba59-4baf-a908-ef35d45e628e}</UniqueIdentifier>
    </Filter>
    <Filter Include="Memory Management">
      <UniqueIdentifier>{c400d40d-e27d-496b-aea8-0a1b8a0a8385}</UniqueIdentifier>
    </Filter>
    <Filter Include="Manage I/O">
      <UniqueIdentifier>{c56abfab-825c-43ae-9850-829f02819c62}</UniqueIdentifier>
    </Filter>
  </ItemGroup>
  <ItemGroup>
    <ClInclude Include="stdafx.h">
      <Filter>win</Filter>
    </ClInclude>
    <ClInclude Include="targetver.h">
      <Filter>win</Filter>
    </ClInclude>
    <ClInclude Include="CustomAllocator.h">
      <Filter>Memory Management</Filter>
    </ClInclude>
    <ClInclude Include="PoolElement.h">
      <Filter>Memory Management</Filter>
    </ClInclude>
    <ClInclude Include="Logger.h">
      <Filter>Diagnostic Tools</Filter>
    </ClInclude>
    <ClInclude Include="Strategy.h">
      <Filter>Memory Management</Filter>
    </ClInclude>
    <ClInclude Include="MemoryManagement.h">
      <Filter>Memory Management</Filter>
    </ClInclude>
    <ClInclude Include="DiagnosticTools.h">
      <Filter>Diagnostic Tools</Filter>
    </ClInclude>
    <ClInclude Include="WorstFit.h">
      <Filter>Memory Management</Filter>
    </ClInclude>
    <ClInclude Include="DiagnoseExternalFragmentation.h">
      <Filter>Diagnostic Tools</Filter>
    </ClInclude>
    <ClInclude Include="DiagnoseInternalFragmentation.h">
      <Filter>Diagnostic Tools</Filter>
    </ClInclude>
    <ClInclude Include="BuddySystem.h">
      <Filter>Memory Management</Filter>
    </ClInclude>
    <ClInclude Include="BestFit.h">
      <Filter>Memory Management</Filter>
    </ClInclude>
    <ClInclude Include="Writer.h">
      <Filter>Manage I/O</Filter>
    </ClInclude>
    <ClInclude Include="Reader.h">
      <Filter>Manage I/O</Filter>
    </ClInclude>
    <ClInclude Include="StandardAllocator.h">
      <Filter>Memory Management</Filter>
    </ClInclude>
  </ItemGroup>
  <ItemGroup>
    <ClCompile Include="stdafx.cpp">
      <Filter>win</Filter>
    </ClCompile>
    <ClCompile Include="CustomAllocator.cpp">
      <Filter>Memory Management</Filter>
    </ClCompile>
    <ClCompile Include="PoolElement.cpp">
      <Filter>Memory Management</Filter>
    </ClCompile>
    <ClCompile Include="Logger.cpp">
      <Filter>Diagnostic Tools</Filter>
    </ClCompile>
    <ClCompile Include="Strategy.cpp">
      <Filter>Memory Management</Filter>
    </ClCompile>
    <ClCompile Include="MemoryManagement.cpp">
      <Filter>Memory Management</Filter>
    </ClCompile>
    <ClCompile Include="DiagnosticTools.cpp">
      <Filter>Diagnostic Tools</Filter>
    </ClCompile>
    <ClCompile Include="WorstFit.cpp">
      <Filter>Memory Management</Filter>
    </ClCompile>
    <ClCompile Include="DiagnoseExternalFragmentation.cpp">
      <Filter>Diagnostic Tools</Filter>
    </ClCompile>
    <ClCompile Include="DiagnoseInternalFragmentation.cpp">
      <Filter>Diagnostic Tools</Filter>
    </ClCompile>
    <ClCompile Include="BuddySystem.cpp">
      <Filter>Memory Management</Filter>
    </ClCompile>
    <ClCompile Include="BestFit.cpp">
      <Filter>Memory Management</Filter>
    </ClCompile>
    <ClCompile Include="Writer.cpp">
      <Filter>Manage I/O</Filter>
    </ClCompile>
    <ClCompile Include="Reader.cpp">
      <Filter>Manage I/O</Filter>
    </ClCompile>
    <ClCompile Include="StandardAllocator.cpp">
      <Filter>Memory Management</Filter>
    </ClCompile>
  </ItemGroup>
  <ItemGroup>
    <None Include="CustomAllocator.def">
      <Filter>win</Filter>
    </None>
  </ItemGroup>
</Project>